
Microsoft Visual Studio Solution File, Format Version 12.00
# Visual Studio 2012
Project("{FAE04EC0-301F-11D3-BF4B-00C04F79EFBC}") = "WCF_service_host", "WCF_service_host\WCF_service_host.csproj", "{C970B24D-7F73-4069-8E4E-20C5088BA5E5}"
EndProject
Project("{FAE04EC0-301F-11D3-BF4B-00C04F79EFBC}") = "InvoiceService", "InvoiceService\InvoiceService.csproj", "{87AC1738-B040-45DB-86B3-2CD8762F4414}"
EndProject
Project("{FAE04EC0-301F-11D3-BF4B-00C04F79EFBC}") = "OrderService", "OrderService\OrderService.csproj", "{EE3210C9-4B4E-4EC4-9B15-FE949010328F}"
EndProject
Global
	GlobalSection(SolutionConfigurationPlatforms) = preSolution
		Debug|Any CPU = Debug|Any CPU
		Release|Any CPU = Release|Any CPU
	EndGlobalSection
	GlobalSection(ProjectConfigurationPlatforms) = postSolution
		{C970B24D-7F73-4069-8E4E-20C5088BA5E5}.Debug|Any CPU.ActiveCfg = Debug|Any CPU
		{C970B24D-7F73-4069-8E4E-20C5088BA5E5}.Debug|Any CPU.Build.0 = Debug|Any CPU
		{C970B24D-7F73-4069-8E4E-20C5088BA5E5}.Release|Any CPU.ActiveCfg = Release|Any CPU
		{C970B24D-7F73-4069-8E4E-20C5088BA5E5}.Release|Any CPU.Build.0 = Release|Any CPU
		{87AC1738-B040-45DB-86B3-2CD8762F4414}.Debug|Any CPU.ActiveCfg = Debug|Any CPU
		{87AC1738-B040-45DB-86B3-2CD8762F4414}.Debug|Any CPU.Build.0 = Debug|Any CPU
		{87AC1738-B040-45DB-86B3-2CD8762F4414}.Release|Any CPU.ActiveCfg = Release|Any CPU
		{87AC1738-B040-45DB-86B3-2CD8762F4414}.Release|Any CPU.Build.0 = Release|Any CPU
		{EE3210C9-4B4E-4EC4-9B15-FE949010328F}.Debug|Any CPU.ActiveCfg = Debug|Any CPU
		{EE3210C9-4B4E-4EC4-9B15-FE949010328F}.Debug|Any CPU.Build.0 = Debug|Any CPU
		{EE3210C9-4B4E-4EC4-9B15-FE949010328F}.Release|Any CPU.ActiveCfg = Release|Any CPU
		{EE3210C9-4B4E-4EC4-9B15-FE949010328F}.Release|Any CPU.Build.0 = Release|Any CPU
	EndGlobalSection
	GlobalSection(SolutionProperties) = preSolution
		HideSolutionNode = FALSE
	EndGlobalSection
EndGlobal
